{
  "originHash" : "f0bc2836a062377b6ec1860cab75b4e3d99d3fe171b92b0e4936337cf388a380",
  "pins" : [
    {
      "identity" : "adchain-sdk-ios-release",
      "kind" : "remoteSourceControl",
      "location" : "https://github.com/1selfworld-labs/adchain-sdk-ios-release.git",
      "state" : {
        "revision" : "176e00d1d545a08a4a513f55fc44d48f55b96202",
        "version" : "1.0.48"
      }
    }
  ],
  "version" : 3
}
