{
  "originHash" : "f0bc2836a062377b6ec1860cab75b4e3d99d3fe171b92b0e4936337cf388a380",
  "pins" : [
    {
      "identity" : "adchain-sdk-ios-release",
      "kind" : "remoteSourceControl",
      "location" : "https://github.com/1selfworld-labs/adchain-sdk-ios-release.git",
      "state" : {
        "revision" : "5a0c0df4c8e8fc201c917ae912368c94876b2cbe",
        "version" : "1.0.45"
      }
    }
  ],
  "version" : 3
}
