{
  "originHash" : "f0bc2836a062377b6ec1860cab75b4e3d99d3fe171b92b0e4936337cf388a380",
  "pins" : [
    {
      "identity" : "adchain-sdk-ios-release",
      "kind" : "remoteSourceControl",
      "location" : "https://github.com/1selfworld-labs/adchain-sdk-ios-release.git",
      "state" : {
        "revision" : "0674a6c10a6d9ce3d5dba670fff7405fd4b58b78",
        "version" : "1.0.38"
      }
    }
  ],
  "version" : 3
}
